Microsoft Visual Studio Solution File, Format Version 11.00
# Visual Studio 2008

Project("{2F52397D-3CD4-1374-0560-81AD3302D676}") = "Jellyfuck", "Assembly-CSharp-firstpass.csproj", "{76972988-AD2B-D522-54D5-F452619B7B26}"
EndProject
Project("{2F52397D-3CD4-1374-0560-81AD3302D676}") = "Jellyfuck", "Assembly-CSharp.csproj", "{496E8DD2-2DB0-848F-C7E4-B26537FABC68}"
EndProject
Project("{2F52397D-3CD4-1374-0560-81AD3302D676}") = "Jellyfuck", "Assembly-UnityScript-firstpass.unityproj", "{AAB771CD-0400-9C65-1A95-D44EB2F6D7F5}"
EndProject
Global
	GlobalSection(SolutionConfigurationPlatforms) = preSolution
		Debug|Any CPU = Debug|Any CPU
		Release|Any CPU = Release|Any CPU
	EndGlobalSection
	GlobalSection(ProjectConfigurationPlatforms) = postSolution
		{76972988-AD2B-D522-54D5-F452619B7B26}.Debug|Any CPU.ActiveCfg = Debug|Any CPU
		{76972988-AD2B-D522-54D5-F452619B7B26}.Debug|Any CPU.Build.0 = Debug|Any CPU
		{76972988-AD2B-D522-54D5-F452619B7B26}.Release|Any CPU.ActiveCfg = Release|Any CPU
		{76972988-AD2B-D522-54D5-F452619B7B26}.Release|Any CPU.Build.0 = Release|Any CPU
		{496E8DD2-2DB0-848F-C7E4-B26537FABC68}.Debug|Any CPU.ActiveCfg = Debug|Any CPU
		{496E8DD2-2DB0-848F-C7E4-B26537FABC68}.Debug|Any CPU.Build.0 = Debug|Any CPU
		{496E8DD2-2DB0-848F-C7E4-B26537FABC68}.Release|Any CPU.ActiveCfg = Release|Any CPU
		{496E8DD2-2DB0-848F-C7E4-B26537FABC68}.Release|Any CPU.Build.0 = Release|Any CPU
		{AAB771CD-0400-9C65-1A95-D44EB2F6D7F5}.Debug|Any CPU.ActiveCfg = Debug|Any CPU
		{AAB771CD-0400-9C65-1A95-D44EB2F6D7F5}.Debug|Any CPU.Build.0 = Debug|Any CPU
		{AAB771CD-0400-9C65-1A95-D44EB2F6D7F5}.Release|Any CPU.ActiveCfg = Release|Any CPU
		{AAB771CD-0400-9C65-1A95-D44EB2F6D7F5}.Release|Any CPU.Build.0 = Release|Any CPU
	EndGlobalSection
	GlobalSection(SolutionProperties) = preSolution
		HideSolutionNode = FALSE
	EndGlobalSection
		GlobalSection(MonoDevelopProperties) = preSolution
		StartupItem = Assembly-CSharp.csproj
		Policies = $0
		$0.TextStylePolicy = $1
		$1.inheritsSet = null
		$1.scope = text/x-csharp
		$0.CSharpFormattingPolicy = $2
		$2.inheritsSet = Mono
		$2.inheritsScope = text/x-csharp
		$2.scope = text/x-csharp
		$0.TextStylePolicy = $3
		$3.FileWidth = 120
		$3.TabWidth = 4
		$3.EolMarker = Unix
		$3.inheritsSet = Mono
		$3.inheritsScope = text/plain
		$3.scope = text/plain
	EndGlobalSection

EndGlobal
